
Microsoft Visual Studio Solution File, Format Version 12.00
# Visual Studio 2012
Project("{FAE04EC0-301F-11D3-BF4B-00C04F79EFBC}") = "MUDMONO", "MUDMONO\MUDMONO.csproj", "{9D7761E0-6E17-4326-8138-434D903BB600}"
EndProject
Global
	GlobalSection(SolutionConfigurationPlatforms) = preSolution
		Debug|x86 = Debug|x86
		Release|x86 = Release|x86
	EndGlobalSection
	GlobalSection(ProjectConfigurationPlatforms) = postSolution
		{9D7761E0-6E17-4326-8138-434D903BB600}.Debug|x86.ActiveCfg = Debug|x86
		{9D7761E0-6E17-4326-8138-434D903BB600}.Debug|x86.Build.0 = Debug|x86
		{9D7761E0-6E17-4326-8138-434D903BB600}.Release|x86.ActiveCfg = Release|x86
		{9D7761E0-6E17-4326-8138-434D903BB600}.Release|x86.Build.0 = Release|x86
	EndGlobalSection
EndGlobal
