
Microsoft Visual Studio Solution File, Format Version 12.00
# Visual Studio 2012
Project("{FAE04EC0-301F-11D3-BF4B-00C04F79EFBC}") = "RocketFinances", "RocketFinances\RocketFinances.csproj", "{BF537674-232B-4B80-B7FA-D22265DDD1ED}"
EndProject
Global
	GlobalSection(SolutionConfigurationPlatforms) = preSolution
		Debug|x86 = Debug|x86
		Release|x86 = Release|x86
	EndGlobalSection
	GlobalSection(ProjectConfigurationPlatforms) = postSolution
		{BF537674-232B-4B80-B7FA-D22265DDD1ED}.Debug|x86.ActiveCfg = Debug|x86
		{BF537674-232B-4B80-B7FA-D22265DDD1ED}.Debug|x86.Build.0 = Debug|x86
		{BF537674-232B-4B80-B7FA-D22265DDD1ED}.Release|x86.ActiveCfg = Release|x86
		{BF537674-232B-4B80-B7FA-D22265DDD1ED}.Release|x86.Build.0 = Release|x86
	EndGlobalSection
EndGlobal
